// !$*UTF8*$!
{
	archiveVersion = 1;
	classes = {
	};
	objectVersion = 50;
	objects = {

/* Begin PBXBuildFile section */
		5503D66626A016260092DE9F /* ServiceMaterialView.swift in Sources */ = {isa = PBXBuildFile; fileRef = 5503D66526A016260092DE9F /* ServiceMaterialView.swift */; };
		5510064126A5CA4C0046C1FB /* TranspAddNotification.swift in Sources */ = {isa = PBXBuildFile; fileRef = 5510064026A5CA4C0046C1FB /* TranspAddNotification.swift */; };
		55225CCA26AED40F00E091A8 /* ColorManager.swift in Sources */ = {isa = PBXBuildFile; fileRef = 55225CC926AED40F00E091A8 /* ColorManager.swift */; };
		5523E21B2665525800DAC79A /* AppDelegate.swift in Sources */ = {isa = PBXBuildFile; fileRef = 5523E21A2665525800DAC79A /* AppDelegate.swift */; };
		5523E21D2665525800DAC79A /* SceneDelegate.swift in Sources */ = {isa = PBXBuildFile; fileRef = 5523E21C2665525800DAC79A /* SceneDelegate.swift */; };
		5523E2222665525800DAC79A /* Argonauts.xcdatamodeld in Sources */ = {isa = PBXBuildFile; fileRef = 5523E2202665525800DAC79A /* Argonauts.xcdatamodeld */; };
		5523E2242665525900DAC79A /* Assets.xcassets in Resources */ = {isa = PBXBuildFile; fileRef = 5523E2232665525900DAC79A /* Assets.xcassets */; };
		5523E2272665525900DAC79A /* Preview Assets.xcassets in Resources */ = {isa = PBXBuildFile; fileRef = 5523E2262665525900DAC79A /* Preview Assets.xcassets */; };
		5523E22A2665525900DAC79A /* LaunchScreen.storyboard in Resources */ = {isa = PBXBuildFile; fileRef = 5523E2282665525900DAC79A /* LaunchScreen.storyboard */; };
		552476A8269D6D2A00E64DF7 /* FuelView.swift in Sources */ = {isa = PBXBuildFile; fileRef = 552476A7269D6D2A00E64DF7 /* FuelView.swift */; };
		552476AA269D6EEC00E64DF7 /* FuelDetailView.swift in Sources */ = {isa = PBXBuildFile; fileRef = 552476A9269D6EEC00E64DF7 /* FuelDetailView.swift */; };
		5527014F2685F786000AD7FD /* HomeView.swift in Sources */ = {isa = PBXBuildFile; fileRef = 5527014E2685F786000AD7FD /* HomeView.swift */; };
		552D87B326B2B20400A2743F /* RowFuel.swift in Sources */ = {isa = PBXBuildFile; fileRef = 552D87B226B2B20400A2743F /* RowFuel.swift */; };
		5532D32E26AF4170001291F3 /* RowNotification.swift in Sources */ = {isa = PBXBuildFile; fileRef = 5532D32D26AF4170001291F3 /* RowNotification.swift */; };
		55332654268B309400ED67C3 /* AccountView.swift in Sources */ = {isa = PBXBuildFile; fileRef = 55332653268B309400ED67C3 /* AccountView.swift */; };
		55332656268B30A800ED67C3 /* TransportsView.swift in Sources */ = {isa = PBXBuildFile; fileRef = 55332655268B30A800ED67C3 /* TransportsView.swift */; };
		5538917F2690A96B0069B1B7 /* TranspAddView.swift in Sources */ = {isa = PBXBuildFile; fileRef = 5538917E2690A96B0069B1B7 /* TranspAddView.swift */; };
		555B4453268E099E0034884E /* TranspDetailEditView.swift in Sources */ = {isa = PBXBuildFile; fileRef = 555B4452268E099E0034884E /* TranspDetailEditView.swift */; };
		5566AD1A26982CC50032D7C9 /* EngHourView.swift in Sources */ = {isa = PBXBuildFile; fileRef = 5566AD1926982CC50032D7C9 /* EngHourView.swift */; };
		5566AD1C269833240032D7C9 /* EngHourDetailView.swift in Sources */ = {isa = PBXBuildFile; fileRef = 5566AD1B269833240032D7C9 /* EngHourDetailView.swift */; };
		55698BFE2680A3F100A8F3F3 /* EntryView.swift in Sources */ = {isa = PBXBuildFile; fileRef = 55698BFD2680A3F100A8F3F3 /* EntryView.swift */; };
		556F3440268C6642004859C5 /* EnterPinView.swift in Sources */ = {isa = PBXBuildFile; fileRef = 556F343F268C6642004859C5 /* EnterPinView.swift */; };
		556F3442268C8A5F004859C5 /* TranspDetailView.swift in Sources */ = {isa = PBXBuildFile; fileRef = 556F3441268C8A5F004859C5 /* TranspDetailView.swift */; };
		5580809F26A6E3B400CEBBD4 /* AccountEmailView.swift in Sources */ = {isa = PBXBuildFile; fileRef = 5580809E26A6E3B400CEBBD4 /* AccountEmailView.swift */; };
		55814E842684B075008CBB5A /* RepeatPinView.swift in Sources */ = {isa = PBXBuildFile; fileRef = 55814E832684B075008CBB5A /* RepeatPinView.swift */; };
		55822BAA26A183F8009FBBBE /* NotificationView.swift in Sources */ = {isa = PBXBuildFile; fileRef = 55822BA926A183F8009FBBBE /* NotificationView.swift */; };
		55822BAC26A19741009FBBBE /* AccountEditView.swift in Sources */ = {isa = PBXBuildFile; fileRef = 55822BAB26A19741009FBBBE /* AccountEditView.swift */; };
		55822BAE26A19C56009FBBBE /* NotificationDetailView.swift in Sources */ = {isa = PBXBuildFile; fileRef = 55822BAD26A19C56009FBBBE /* NotificationDetailView.swift */; };
		5588B0AC2695A2CA00C81A8C /* MileageView.swift in Sources */ = {isa = PBXBuildFile; fileRef = 5588B0AB2695A2CA00C81A8C /* MileageView.swift */; };
		5588B0AE2695E7C100C81A8C /* MileageDetailView.swift in Sources */ = {isa = PBXBuildFile; fileRef = 5588B0AD2695E7C100C81A8C /* MileageDetailView.swift */; };
		5589E8C026A037DC00B2DDFD /* RowMaterial.swift in Sources */ = {isa = PBXBuildFile; fileRef = 5589E8BF26A037DC00B2DDFD /* RowMaterial.swift */; };
		559376FA269EF20F00D8A683 /* ServiceView.swift in Sources */ = {isa = PBXBuildFile; fileRef = 559376F9269EF20F00D8A683 /* ServiceView.swift */; };
		559376FC269EF34600D8A683 /* ServiceDetailView.swift in Sources */ = {isa = PBXBuildFile; fileRef = 559376FB269EF34600D8A683 /* ServiceDetailView.swift */; };
		559376FE269F33DA00D8A683 /* HubView.swift in Sources */ = {isa = PBXBuildFile; fileRef = 559376FD269F33DA00D8A683 /* HubView.swift */; };
		559F7E2B26AAE1AA00C1CA97 /* StatisticsView.swift in Sources */ = {isa = PBXBuildFile; fileRef = 559F7E2A26AAE1AA00C1CA97 /* StatisticsView.swift */; };
		55AD2F1026AC117000D6D44F /* StatisticsDetailView.swift in Sources */ = {isa = PBXBuildFile; fileRef = 55AD2F0F26AC117000D6D44F /* StatisticsDetailView.swift */; };
		55B8136726821B47005BB9D7 /* EnterPassCodeView.swift in Sources */ = {isa = PBXBuildFile; fileRef = 55B8136626821B47005BB9D7 /* EnterPassCodeView.swift */; };
		55BFBED6268336BF0034F4B9 /* SetPinView.swift in Sources */ = {isa = PBXBuildFile; fileRef = 55BFBED5268336BF0034F4B9 /* SetPinView.swift */; };
		55C6F52326A839980012A827 /* AddTranspNotView.swift in Sources */ = {isa = PBXBuildFile; fileRef = 55C6F52226A839980012A827 /* AddTranspNotView.swift */; };
		55D8FACF2689B42D005657DC /* AddTranspView.swift in Sources */ = {isa = PBXBuildFile; fileRef = 55D8FACE2689B42D005657DC /* AddTranspView.swift */; };
		55E0995E269202E00066D0E7 /* EnterEmailView.swift in Sources */ = {isa = PBXBuildFile; fileRef = 55E0995D269202E00066D0E7 /* EnterEmailView.swift */; };
		55E56D7226836EC000DDD801 /* smth.swift in Sources */ = {isa = PBXBuildFile; fileRef = 55E56D7126836EC000DDD801 /* smth.swift */; };
		55E79EA526863D930043B2C3 /* CreateAccountView.swift in Sources */ = {isa = PBXBuildFile; fileRef = 55E79EA426863D930043B2C3 /* CreateAccountView.swift */; };
		55F2C30326B169AA00430997 /* RowService.swift in Sources */ = {isa = PBXBuildFile; fileRef = 55F2C30226B169AA00430997 /* RowService.swift */; };
/* End PBXBuildFile section */

/* Begin PBXFileReference section */
		5503D66526A016260092DE9F /* ServiceMaterialView.swift */ = {isa = PBXFileReference; lastKnownFileType = sourcecode.swift; path = ServiceMaterialView.swift; sourceTree = "<group>"; };
		5510064026A5CA4C0046C1FB /* TranspAddNotification.swift */ = {isa = PBXFileReference; lastKnownFileType = sourcecode.swift; path = TranspAddNotification.swift; sourceTree = "<group>"; };
		55225CC926AED40F00E091A8 /* ColorManager.swift */ = {isa = PBXFileReference; lastKnownFileType = sourcecode.swift; path = ColorManager.swift; sourceTree = "<group>"; };
		5523E2172665525800DAC79A /* Argonauts.app */ = {isa = PBXFileReference; explicitFileType = wrapper.application; includeInIndex = 0; path = Argonauts.app; sourceTree = BUILT_PRODUCTS_DIR; };
		5523E21A2665525800DAC79A /* AppDelegate.swift */ = {isa = PBXFileReference; lastKnownFileType = sourcecode.swift; path = AppDelegate.swift; sourceTree = "<group>"; };
		5523E21C2665525800DAC79A /* SceneDelegate.swift */ = {isa = PBXFileReference; lastKnownFileType = sourcecode.swift; path = SceneDelegate.swift; sourceTree = "<group>"; };
		5523E2212665525800DAC79A /* Argonauts.xcdatamodel */ = {isa = PBXFileReference; lastKnownFileType = wrapper.xcdatamodel; path = Argonauts.xcdatamodel; sourceTree = "<group>"; };
		5523E2232665525900DAC79A /* Assets.xcassets */ = {isa = PBXFileReference; lastKnownFileType = folder.assetcatalog; path = Assets.xcassets; sourceTree = "<group>"; };
		5523E2262665525900DAC79A /* Preview Assets.xcassets */ = {isa = PBXFileReference; lastKnownFileType = folder.assetcatalog; path = "Preview Assets.xcassets"; sourceTree = "<group>"; };
		5523E2292665525900DAC79A /* Base */ = {isa = PBXFileReference; lastKnownFileType = file.storyboard; name = Base; path = Base.lproj/LaunchScreen.storyboard; sourceTree = "<group>"; };
		5523E22B2665525900DAC79A /* Info.plist */ = {isa = PBXFileReference; lastKnownFileType = text.plist.xml; path = Info.plist; sourceTree = "<group>"; };
		552476A7269D6D2A00E64DF7 /* FuelView.swift */ = {isa = PBXFileReference; lastKnownFileType = sourcecode.swift; path = FuelView.swift; sourceTree = "<group>"; };
		552476A9269D6EEC00E64DF7 /* FuelDetailView.swift */ = {isa = PBXFileReference; lastKnownFileType = sourcecode.swift; path = FuelDetailView.swift; sourceTree = "<group>"; };
		5527014E2685F786000AD7FD /* HomeView.swift */ = {isa = PBXFileReference; lastKnownFileType = sourcecode.swift; path = HomeView.swift; sourceTree = "<group>"; };
		552D87B226B2B20400A2743F /* RowFuel.swift */ = {isa = PBXFileReference; lastKnownFileType = sourcecode.swift; path = RowFuel.swift; sourceTree = "<group>"; };
		5532D32D26AF4170001291F3 /* RowNotification.swift */ = {isa = PBXFileReference; lastKnownFileType = sourcecode.swift; path = RowNotification.swift; sourceTree = "<group>"; };
		55332653268B309400ED67C3 /* AccountView.swift */ = {isa = PBXFileReference; lastKnownFileType = sourcecode.swift; path = AccountView.swift; sourceTree = "<group>"; };
		55332655268B30A800ED67C3 /* TransportsView.swift */ = {isa = PBXFileReference; lastKnownFileType = sourcecode.swift; path = TransportsView.swift; sourceTree = "<group>"; };
		5538917E2690A96B0069B1B7 /* TranspAddView.swift */ = {isa = PBXFileReference; lastKnownFileType = sourcecode.swift; path = TranspAddView.swift; sourceTree = "<group>"; };
		555B4452268E099E0034884E /* TranspDetailEditView.swift */ = {isa = PBXFileReference; lastKnownFileType = sourcecode.swift; path = TranspDetailEditView.swift; sourceTree = "<group>"; };
		5566AD1926982CC50032D7C9 /* EngHourView.swift */ = {isa = PBXFileReference; lastKnownFileType = sourcecode.swift; path = EngHourView.swift; sourceTree = "<group>"; };
		5566AD1B269833240032D7C9 /* EngHourDetailView.swift */ = {isa = PBXFileReference; lastKnownFileType = sourcecode.swift; path = EngHourDetailView.swift; sourceTree = "<group>"; };
		55698BFD2680A3F100A8F3F3 /* EntryView.swift */ = {isa = PBXFileReference; lastKnownFileType = sourcecode.swift; path = EntryView.swift; sourceTree = "<group>"; };
		556F343F268C6642004859C5 /* EnterPinView.swift */ = {isa = PBXFileReference; lastKnownFileType = sourcecode.swift; path = EnterPinView.swift; sourceTree = "<group>"; };
		556F3441268C8A5F004859C5 /* TranspDetailView.swift */ = {isa = PBXFileReference; lastKnownFileType = sourcecode.swift; path = TranspDetailView.swift; sourceTree = "<group>"; };
		5580809E26A6E3B400CEBBD4 /* AccountEmailView.swift */ = {isa = PBXFileReference; lastKnownFileType = sourcecode.swift; path = AccountEmailView.swift; sourceTree = "<group>"; };
		55814E832684B075008CBB5A /* RepeatPinView.swift */ = {isa = PBXFileReference; lastKnownFileType = sourcecode.swift; path = RepeatPinView.swift; sourceTree = "<group>"; };
		55822BA926A183F8009FBBBE /* NotificationView.swift */ = {isa = PBXFileReference; lastKnownFileType = sourcecode.swift; path = NotificationView.swift; sourceTree = "<group>"; };
		55822BAB26A19741009FBBBE /* AccountEditView.swift */ = {isa = PBXFileReference; lastKnownFileType = sourcecode.swift; path = AccountEditView.swift; sourceTree = "<group>"; };
		55822BAD26A19C56009FBBBE /* NotificationDetailView.swift */ = {isa = PBXFileReference; lastKnownFileType = sourcecode.swift; path = NotificationDetailView.swift; sourceTree = "<group>"; };
		5588B0AB2695A2CA00C81A8C /* MileageView.swift */ = {isa = PBXFileReference; lastKnownFileType = sourcecode.swift; path = MileageView.swift; sourceTree = "<group>"; };
		5588B0AD2695E7C100C81A8C /* MileageDetailView.swift */ = {isa = PBXFileReference; lastKnownFileType = sourcecode.swift; path = MileageDetailView.swift; sourceTree = "<group>"; };
		5589E8BF26A037DC00B2DDFD /* RowMaterial.swift */ = {isa = PBXFileReference; lastKnownFileType = sourcecode.swift; path = RowMaterial.swift; sourceTree = "<group>"; };
		559376F9269EF20F00D8A683 /* ServiceView.swift */ = {isa = PBXFileReference; lastKnownFileType = sourcecode.swift; path = ServiceView.swift; sourceTree = "<group>"; };
		559376FB269EF34600D8A683 /* ServiceDetailView.swift */ = {isa = PBXFileReference; lastKnownFileType = sourcecode.swift; path = ServiceDetailView.swift; sourceTree = "<group>"; };
		559376FD269F33DA00D8A683 /* HubView.swift */ = {isa = PBXFileReference; lastKnownFileType = sourcecode.swift; path = HubView.swift; sourceTree = "<group>"; };
		559F7E2A26AAE1AA00C1CA97 /* StatisticsView.swift */ = {isa = PBXFileReference; lastKnownFileType = sourcecode.swift; path = StatisticsView.swift; sourceTree = "<group>"; };
		55AD2F0F26AC117000D6D44F /* StatisticsDetailView.swift */ = {isa = PBXFileReference; lastKnownFileType = sourcecode.swift; path = StatisticsDetailView.swift; sourceTree = "<group>"; };
		55B8136626821B47005BB9D7 /* EnterPassCodeView.swift */ = {isa = PBXFileReference; lastKnownFileType = sourcecode.swift; path = EnterPassCodeView.swift; sourceTree = "<group>"; };
		55BFBED5268336BF0034F4B9 /* SetPinView.swift */ = {isa = PBXFileReference; lastKnownFileType = sourcecode.swift; path = SetPinView.swift; sourceTree = "<group>"; };
		55C6F52226A839980012A827 /* AddTranspNotView.swift */ = {isa = PBXFileReference; lastKnownFileType = sourcecode.swift; path = AddTranspNotView.swift; sourceTree = "<group>"; };
		55D8FACE2689B42D005657DC /* AddTranspView.swift */ = {isa = PBXFileReference; lastKnownFileType = sourcecode.swift; path = AddTranspView.swift; sourceTree = "<group>"; };
		55E0995D269202E00066D0E7 /* EnterEmailView.swift */ = {isa = PBXFileReference; lastKnownFileType = sourcecode.swift; path = EnterEmailView.swift; sourceTree = "<group>"; };
		55E56D7126836EC000DDD801 /* smth.swift */ = {isa = PBXFileReference; lastKnownFileType = sourcecode.swift; path = smth.swift; sourceTree = "<group>"; };
		55E79EA426863D930043B2C3 /* CreateAccountView.swift */ = {isa = PBXFileReference; lastKnownFileType = sourcecode.swift; path = CreateAccountView.swift; sourceTree = "<group>"; };
		55F2C30226B169AA00430997 /* RowService.swift */ = {isa = PBXFileReference; lastKnownFileType = sourcecode.swift; path = RowService.swift; sourceTree = "<group>"; };
/* End PBXFileReference section */

/* Begin PBXFrameworksBuildPhase section */
		5523E2142665525800DAC79A /* Frameworks */ = {
			isa = PBXFrameworksBuildPhase;
			buildActionMask = 2147483647;
			files = (
			);
			runOnlyForDeploymentPostprocessing = 0;
		};
/* End PBXFrameworksBuildPhase section */

/* Begin PBXGroup section */
		550CDED526933E4100377829 /* registration */ = {
			isa = PBXGroup;
			children = (
				55E0995D269202E00066D0E7 /* EnterEmailView.swift */,
				55B8136626821B47005BB9D7 /* EnterPassCodeView.swift */,
				55BFBED5268336BF0034F4B9 /* SetPinView.swift */,
				55814E832684B075008CBB5A /* RepeatPinView.swift */,
				55E79EA426863D930043B2C3 /* CreateAccountView.swift */,
				55D8FACE2689B42D005657DC /* AddTranspView.swift */,
				55C6F52226A839980012A827 /* AddTranspNotView.swift */,
			);
			path = registration;
			sourceTree = "<group>";
		};
		5523E20E2665525800DAC79A = {
			isa = PBXGroup;
			children = (
				5523E2192665525800DAC79A /* Argonauts */,
				5523E2182665525800DAC79A /* Products */,
			);
			sourceTree = "<group>";
		};
		5523E2182665525800DAC79A /* Products */ = {
			isa = PBXGroup;
			children = (
				5523E2172665525800DAC79A /* Argonauts.app */,
			);
			name = Products;
			sourceTree = "<group>";
		};
		5523E2192665525800DAC79A /* Argonauts */ = {
			isa = PBXGroup;
			children = (
				5523E21A2665525800DAC79A /* AppDelegate.swift */,
				5523E21C2665525800DAC79A /* SceneDelegate.swift */,
				5523E2232665525900DAC79A /* Assets.xcassets */,
				5523E2282665525900DAC79A /* LaunchScreen.storyboard */,
				5523E22B2665525900DAC79A /* Info.plist */,
				5523E2202665525800DAC79A /* Argonauts.xcdatamodeld */,
				550CDED526933E4100377829 /* registration */,
				55698BFD2680A3F100A8F3F3 /* EntryView.swift */,
				556F343F268C6642004859C5 /* EnterPinView.swift */,
				5527014E2685F786000AD7FD /* HomeView.swift */,
				552476A6269D6BAB00E64DF7 /* TransportsView */,
				55C6F52826A8C63E0012A827 /* HubView */,
				55C6F52926A8C6620012A827 /* ServiceView */,
				55C6F52A26A8C67F0012A827 /* FuelView */,
				55C6F52726A8C61B0012A827 /* AccountView */,
				55E56D7126836EC000DDD801 /* smth.swift */,
				55C6F52626A85AD40012A827 /* RowModel */,
				5523E2252665525900DAC79A /* Preview Content */,
				55225CC926AED40F00E091A8 /* ColorManager.swift */,
			);
			path = Argonauts;
			sourceTree = "<group>";
		};
		5523E2252665525900DAC79A /* Preview Content */ = {
			isa = PBXGroup;
			children = (
				5523E2262665525900DAC79A /* Preview Assets.xcassets */,
			);
			path = "Preview Content";
			sourceTree = "<group>";
		};
		552476A6269D6BAB00E64DF7 /* TransportsView */ = {
			isa = PBXGroup;
			children = (
				55332655268B30A800ED67C3 /* TransportsView.swift */,
				556F3441268C8A5F004859C5 /* TranspDetailView.swift */,
				555B4452268E099E0034884E /* TranspDetailEditView.swift */,
				5538917E2690A96B0069B1B7 /* TranspAddView.swift */,
				5510064026A5CA4C0046C1FB /* TranspAddNotification.swift */,
			);
			path = TransportsView;
			sourceTree = "<group>";
		};
		55C6F52626A85AD40012A827 /* RowModel */ = {
			isa = PBXGroup;
			children = (
				5589E8BF26A037DC00B2DDFD /* RowMaterial.swift */,
				5532D32D26AF4170001291F3 /* RowNotification.swift */,
				55F2C30226B169AA00430997 /* RowService.swift */,
				552D87B226B2B20400A2743F /* RowFuel.swift */,
			);
			path = RowModel;
			sourceTree = "<group>";
		};
		55C6F52726A8C61B0012A827 /* AccountView */ = {
			isa = PBXGroup;
			children = (
				55332653268B309400ED67C3 /* AccountView.swift */,
				55822BAB26A19741009FBBBE /* AccountEditView.swift */,
				5580809E26A6E3B400CEBBD4 /* AccountEmailView.swift */,
			);
			path = AccountView;
			sourceTree = "<group>";
		};
		55C6F52826A8C63E0012A827 /* HubView */ = {
			isa = PBXGroup;
			children = (
				559376FD269F33DA00D8A683 /* HubView.swift */,
				5566AD1926982CC50032D7C9 /* EngHourView.swift */,
				5566AD1B269833240032D7C9 /* EngHourDetailView.swift */,
				5588B0AB2695A2CA00C81A8C /* MileageView.swift */,
				5588B0AD2695E7C100C81A8C /* MileageDetailView.swift */,
				55822BA926A183F8009FBBBE /* NotificationView.swift */,
				55822BAD26A19C56009FBBBE /* NotificationDetailView.swift */,
				559F7E2A26AAE1AA00C1CA97 /* StatisticsView.swift */,
				55AD2F0F26AC117000D6D44F /* StatisticsDetailView.swift */,
			);
			path = HubView;
			sourceTree = "<group>";
		};
		55C6F52926A8C6620012A827 /* ServiceView */ = {
			isa = PBXGroup;
			children = (
				559376F9269EF20F00D8A683 /* ServiceView.swift */,
				559376FB269EF34600D8A683 /* ServiceDetailView.swift */,
				5503D66526A016260092DE9F /* ServiceMaterialView.swift */,
			);
			path = ServiceView;
			sourceTree = "<group>";
		};
		55C6F52A26A8C67F0012A827 /* FuelView */ = {
			isa = PBXGroup;
			children = (
				552476A7269D6D2A00E64DF7 /* FuelView.swift */,
				552476A9269D6EEC00E64DF7 /* FuelDetailView.swift */,
			);
			path = FuelView;
			sourceTree = "<group>";
		};
/* End PBXGroup section */

/* Begin PBXNativeTarget section */
		5523E2162665525800DAC79A /* Argonauts */ = {
			isa = PBXNativeTarget;
			buildConfigurationList = 5523E22E2665525900DAC79A /* Build configuration list for PBXNativeTarget "Argonauts" */;
			buildPhases = (
				5523E2132665525800DAC79A /* Sources */,
				5523E2142665525800DAC79A /* Frameworks */,
				5523E2152665525800DAC79A /* Resources */,
			);
			buildRules = (
			);
			dependencies = (
			);
			name = Argonauts;
			productName = Argonauts;
			productReference = 5523E2172665525800DAC79A /* Argonauts.app */;
			productType = "com.apple.product-type.application";
		};
/* End PBXNativeTarget section */

/* Begin PBXProject section */
		5523E20F2665525800DAC79A /* Project object */ = {
			isa = PBXProject;
			attributes = {
				LastSwiftUpdateCheck = 1250;
				LastUpgradeCheck = 1250;
				TargetAttributes = {
					5523E2162665525800DAC79A = {
						CreatedOnToolsVersion = 12.5;
					};
				};
			};
			buildConfigurationList = 5523E2122665525800DAC79A /* Build configuration list for PBXProject "Argonauts" */;
			compatibilityVersion = "Xcode 9.3";
			developmentRegion = en;
			hasScannedForEncodings = 0;
			knownRegions = (
				en,
				Base,
			);
			mainGroup = 5523E20E2665525800DAC79A;
			productRefGroup = 5523E2182665525800DAC79A /* Products */;
			projectDirPath = "";
			projectRoot = "";
			targets = (
				5523E2162665525800DAC79A /* Argonauts */,
			);
		};
/* End PBXProject section */

/* Begin PBXResourcesBuildPhase section */
		5523E2152665525800DAC79A /* Resources */ = {
			isa = PBXResourcesBuildPhase;
			buildActionMask = 2147483647;
			files = (
				5523E22A2665525900DAC79A /* LaunchScreen.storyboard in Resources */,
				5523E2272665525900DAC79A /* Preview Assets.xcassets in Resources */,
				5523E2242665525900DAC79A /* Assets.xcassets in Resources */,
			);
			runOnlyForDeploymentPostprocessing = 0;
		};
/* End PBXResourcesBuildPhase section */

/* Begin PBXSourcesBuildPhase section */
		5523E2132665525800DAC79A /* Sources */ = {
			isa = PBXSourcesBuildPhase;
			buildActionMask = 2147483647;
			files = (
				559376FA269EF20F00D8A683 /* ServiceView.swift in Sources */,
				5588B0AC2695A2CA00C81A8C /* MileageView.swift in Sources */,
				5566AD1A26982CC50032D7C9 /* EngHourView.swift in Sources */,
				55822BAE26A19C56009FBBBE /* NotificationDetailView.swift in Sources */,
				55D8FACF2689B42D005657DC /* AddTranspView.swift in Sources */,
				55E0995E269202E00066D0E7 /* EnterEmailView.swift in Sources */,
				556F3442268C8A5F004859C5 /* TranspDetailView.swift in Sources */,
				5523E21B2665525800DAC79A /* AppDelegate.swift in Sources */,
				55822BAA26A183F8009FBBBE /* NotificationView.swift in Sources */,
				559376FC269EF34600D8A683 /* ServiceDetailView.swift in Sources */,
				5523E21D2665525800DAC79A /* SceneDelegate.swift in Sources */,
				5588B0AE2695E7C100C81A8C /* MileageDetailView.swift in Sources */,
				559376FE269F33DA00D8A683 /* HubView.swift in Sources */,
				55BFBED6268336BF0034F4B9 /* SetPinView.swift in Sources */,
				552476A8269D6D2A00E64DF7 /* FuelView.swift in Sources */,
				5538917F2690A96B0069B1B7 /* TranspAddView.swift in Sources */,
				5527014F2685F786000AD7FD /* HomeView.swift in Sources */,
				55814E842684B075008CBB5A /* RepeatPinView.swift in Sources */,
				55698BFE2680A3F100A8F3F3 /* EntryView.swift in Sources */,
				556F3440268C6642004859C5 /* EnterPinView.swift in Sources */,
				55332654268B309400ED67C3 /* AccountView.swift in Sources */,
				5589E8C026A037DC00B2DDFD /* RowMaterial.swift in Sources */,
				55332656268B30A800ED67C3 /* TransportsView.swift in Sources */,
				555B4453268E099E0034884E /* TranspDetailEditView.swift in Sources */,
				5580809F26A6E3B400CEBBD4 /* AccountEmailView.swift in Sources */,
				5503D66626A016260092DE9F /* ServiceMaterialView.swift in Sources */,
				55E79EA526863D930043B2C3 /* CreateAccountView.swift in Sources */,
				5523E2222665525800DAC79A /* Argonauts.xcdatamodeld in Sources */,
				55F2C30326B169AA00430997 /* RowService.swift in Sources */,
				559F7E2B26AAE1AA00C1CA97 /* StatisticsView.swift in Sources */,
				55AD2F1026AC117000D6D44F /* StatisticsDetailView.swift in Sources */,
				55B8136726821B47005BB9D7 /* EnterPassCodeView.swift in Sources */,
				5510064126A5CA4C0046C1FB /* TranspAddNotification.swift in Sources */,
				55225CCA26AED40F00E091A8 /* ColorManager.swift in Sources */,
				55C6F52326A839980012A827 /* AddTranspNotView.swift in Sources */,
				552D87B326B2B20400A2743F /* RowFuel.swift in Sources */,
				552476AA269D6EEC00E64DF7 /* FuelDetailView.swift in Sources */,
				55E56D7226836EC000DDD801 /* smth.swift in Sources */,
				5566AD1C269833240032D7C9 /* EngHourDetailView.swift in Sources */,
				55822BAC26A19741009FBBBE /* AccountEditView.swift in Sources */,
				5532D32E26AF4170001291F3 /* RowNotification.swift in Sources */,
			);
			runOnlyForDeploymentPostprocessing = 0;
		};
/* End PBXSourcesBuildPhase section */

/* Begin PBXVariantGroup section */
		5523E2282665525900DAC79A /* LaunchScreen.storyboard */ = {
			isa = PBXVariantGroup;
			children = (
				5523E2292665525900DAC79A /* Base */,
			);
			name = LaunchScreen.storyboard;
			sourceTree = "<group>";
		};
/* End PBXVariantGroup section */

/* Begin XCBuildConfiguration section */
		5523E22C2665525900DAC79A /* Debug */ = {
			isa = XCBuildConfiguration;
			buildSettings = {
				ALWAYS_SEARCH_USER_PATHS = NO;
				CLANG_ANALYZER_NONNULL = YES;
				CLANG_ANALYZER_NUMBER_OBJECT_CONVERSION = YES_AGGRESSIVE;
				CLANG_CXX_LANGUAGE_STANDARD = "gnu++14";
				CLANG_CXX_LIBRARY = "libc++";
				CLANG_ENABLE_MODULES = YES;
				CLANG_ENABLE_OBJC_ARC = YES;
				CLANG_ENABLE_OBJC_WEAK = YES;
				CLANG_WARN_BLOCK_CAPTURE_AUTORELEASING = YES;
				CLANG_WARN_BOOL_CONVERSION = YES;
				CLANG_WARN_COMMA = YES;
				CLANG_WARN_CONSTANT_CONVERSION = YES;
				CLANG_WARN_DEPRECATED_OBJC_IMPLEMENTATIONS = YES;
				CLANG_WARN_DIRECT_OBJC_ISA_USAGE = YES_ERROR;
				CLANG_WARN_DOCUMENTATION_COMMENTS = YES;
				CLANG_WARN_EMPTY_BODY = YES;
				CLANG_WARN_ENUM_CONVERSION = YES;
				CLANG_WARN_INFINITE_RECURSION = YES;
				CLANG_WARN_INT_CONVERSION = YES;
				CLANG_WARN_NON_LITERAL_NULL_CONVERSION = YES;
				CLANG_WARN_OBJC_IMPLICIT_RETAIN_SELF = YES;
				CLANG_WARN_OBJC_LITERAL_CONVERSION = YES;
				CLANG_WARN_OBJC_ROOT_CLASS = YES_ERROR;
				CLANG_WARN_QUOTED_INCLUDE_IN_FRAMEWORK_HEADER = YES;
				CLANG_WARN_RANGE_LOOP_ANALYSIS = YES;
				CLANG_WARN_STRICT_PROTOTYPES = YES;
				CLANG_WARN_SUSPICIOUS_MOVE = YES;
				CLANG_WARN_UNGUARDED_AVAILABILITY = YES_AGGRESSIVE;
				CLANG_WARN_UNREACHABLE_CODE = YES;
				CLANG_WARN__DUPLICATE_METHOD_MATCH = YES;
				COPY_PHASE_STRIP = NO;
				DEBUG_INFORMATION_FORMAT = dwarf;
				ENABLE_STRICT_OBJC_MSGSEND = YES;
				ENABLE_TESTABILITY = YES;
				GCC_C_LANGUAGE_STANDARD = gnu11;
				GCC_DYNAMIC_NO_PIC = NO;
				GCC_NO_COMMON_BLOCKS = YES;
				GCC_OPTIMIZATION_LEVEL = 0;
				GCC_PREPROCESSOR_DEFINITIONS = (
					"DEBUG=1",
					"$(inherited)",
				);
				GCC_WARN_64_TO_32_BIT_CONVERSION = YES;
				GCC_WARN_ABOUT_RETURN_TYPE = YES_ERROR;
				GCC_WARN_UNDECLARED_SELECTOR = YES;
				GCC_WARN_UNINITIALIZED_AUTOS = YES_AGGRESSIVE;
				GCC_WARN_UNUSED_FUNCTION = YES;
				GCC_WARN_UNUSED_VARIABLE = YES;
				IPHONEOS_DEPLOYMENT_TARGET = 14.5;
				MTL_ENABLE_DEBUG_INFO = INCLUDE_SOURCE;
				MTL_FAST_MATH = YES;
				ONLY_ACTIVE_ARCH = YES;
				SDKROOT = iphoneos;
				SWIFT_ACTIVE_COMPILATION_CONDITIONS = DEBUG;
				SWIFT_OPTIMIZATION_LEVEL = "-Onone";
			};
			name = Debug;
		};
		5523E22D2665525900DAC79A /* Release */ = {
			isa = XCBuildConfiguration;
			buildSettings = {
				ALWAYS_SEARCH_USER_PATHS = NO;
				CLANG_ANALYZER_NONNULL = YES;
				CLANG_ANALYZER_NUMBER_OBJECT_CONVERSION = YES_AGGRESSIVE;
				CLANG_CXX_LANGUAGE_STANDARD = "gnu++14";
				CLANG_CXX_LIBRARY = "libc++";
				CLANG_ENABLE_MODULES = YES;
				CLANG_ENABLE_OBJC_ARC = YES;
				CLANG_ENABLE_OBJC_WEAK = YES;
				CLANG_WARN_BLOCK_CAPTURE_AUTORELEASING = YES;
				CLANG_WARN_BOOL_CONVERSION = YES;
				CLANG_WARN_COMMA = YES;
				CLANG_WARN_CONSTANT_CONVERSION = YES;
				CLANG_WARN_DEPRECATED_OBJC_IMPLEMENTATIONS = YES;
				CLANG_WARN_DIRECT_OBJC_ISA_USAGE = YES_ERROR;
				CLANG_WARN_DOCUMENTATION_COMMENTS = YES;
				CLANG_WARN_EMPTY_BODY = YES;
				CLANG_WARN_ENUM_CONVERSION = YES;
				CLANG_WARN_INFINITE_RECURSION = YES;
				CLANG_WARN_INT_CONVERSION = YES;
				CLANG_WARN_NON_LITERAL_NULL_CONVERSION = YES;
				CLANG_WARN_OBJC_IMPLICIT_RETAIN_SELF = YES;
				CLANG_WARN_OBJC_LITERAL_CONVERSION = YES;
				CLANG_WARN_OBJC_ROOT_CLASS = YES_ERROR;
				CLANG_WARN_QUOTED_INCLUDE_IN_FRAMEWORK_HEADER = YES;
				CLANG_WARN_RANGE_LOOP_ANALYSIS = YES;
				CLANG_WARN_STRICT_PROTOTYPES = YES;
				CLANG_WARN_SUSPICIOUS_MOVE = YES;
				CLANG_WARN_UNGUARDED_AVAILABILITY = YES_AGGRESSIVE;
				CLANG_WARN_UNREACHABLE_CODE = YES;
				CLANG_WARN__DUPLICATE_METHOD_MATCH = YES;
				COPY_PHASE_STRIP = NO;
				DEBUG_INFORMATION_FORMAT = "dwarf-with-dsym";
				ENABLE_NS_ASSERTIONS = NO;
				ENABLE_STRICT_OBJC_MSGSEND = YES;
				GCC_C_LANGUAGE_STANDARD = gnu11;
				GCC_NO_COMMON_BLOCKS = YES;
				GCC_WARN_64_TO_32_BIT_CONVERSION = YES;
				GCC_WARN_ABOUT_RETURN_TYPE = YES_ERROR;
				GCC_WARN_UNDECLARED_SELECTOR = YES;
				GCC_WARN_UNINITIALIZED_AUTOS = YES_AGGRESSIVE;
				GCC_WARN_UNUSED_FUNCTION = YES;
				GCC_WARN_UNUSED_VARIABLE = YES;
				IPHONEOS_DEPLOYMENT_TARGET = 14.5;
				MTL_ENABLE_DEBUG_INFO = NO;
				MTL_FAST_MATH = YES;
				SDKROOT = iphoneos;
				SWIFT_COMPILATION_MODE = wholemodule;
				SWIFT_OPTIMIZATION_LEVEL = "-O";
				VALIDATE_PRODUCT = YES;
			};
			name = Release;
		};
		5523E22F2665525900DAC79A /* Debug */ = {
			isa = XCBuildConfiguration;
			buildSettings = {
				ASSETCATALOG_COMPILER_APPICON_NAME = AppIcon;
				ASSETCATALOG_COMPILER_GLOBAL_ACCENT_COLOR_NAME = AccentColor;
				CODE_SIGN_IDENTITY = "iPhone Developer";
				CODE_SIGN_STYLE = Manual;
				DEVELOPMENT_ASSET_PATHS = "\"Argonauts/Preview Content\"";
				DEVELOPMENT_TEAM = 8FRM8M93L5;
				ENABLE_PREVIEWS = YES;
				INFOPLIST_FILE = Argonauts/Info.plist;
				IPHONEOS_DEPLOYMENT_TARGET = 14.1;
				LD_RUNPATH_SEARCH_PATHS = (
					"$(inherited)",
					"@executable_path/Frameworks",
				);
				PRODUCT_BUNDLE_IDENTIFIER = online.argonauts.mobile;
				PRODUCT_NAME = "$(TARGET_NAME)";
				PROVISIONING_PROFILE_SPECIFIER = "Argonauts Provisioning Profile";
				SWIFT_VERSION = 5.0;
				TARGETED_DEVICE_FAMILY = 1;
			};
			name = Debug;
		};
		5523E2302665525900DAC79A /* Release */ = {
			isa = XCBuildConfiguration;
			buildSettings = {
				ASSETCATALOG_COMPILER_APPICON_NAME = AppIcon;
				ASSETCATALOG_COMPILER_GLOBAL_ACCENT_COLOR_NAME = AccentColor;
				CODE_SIGN_IDENTITY = "iPhone Developer";
				CODE_SIGN_STYLE = Manual;
				DEVELOPMENT_ASSET_PATHS = "\"Argonauts/Preview Content\"";
				DEVELOPMENT_TEAM = 8FRM8M93L5;
				ENABLE_PREVIEWS = YES;
				INFOPLIST_FILE = Argonauts/Info.plist;
				IPHONEOS_DEPLOYMENT_TARGET = 14.1;
				LD_RUNPATH_SEARCH_PATHS = (
					"$(inherited)",
					"@executable_path/Frameworks",
				);
				PRODUCT_BUNDLE_IDENTIFIER = online.argonauts.mobile;
				PRODUCT_NAME = "$(TARGET_NAME)";
				PROVISIONING_PROFILE_SPECIFIER = "Argonauts Provisioning Profile";
				SWIFT_VERSION = 5.0;
				TARGETED_DEVICE_FAMILY = 1;
			};
			name = Release;
		};
/* End XCBuildConfiguration section */

/* Begin XCConfigurationList section */
		5523E2122665525800DAC79A /* Build configuration list for PBXProject "Argonauts" */ = {
			isa = XCConfigurationList;
			buildConfigurations = (
				5523E22C2665525900DAC79A /* Debug */,
				5523E22D2665525900DAC79A /* Release */,
			);
			defaultConfigurationIsVisible = 0;
			defaultConfigurationName = Release;
		};
		5523E22E2665525900DAC79A /* Build configuration list for PBXNativeTarget "Argonauts" */ = {
			isa = XCConfigurationList;
			buildConfigurations = (
				5523E22F2665525900DAC79A /* Debug */,
				5523E2302665525900DAC79A /* Release */,
			);
			defaultConfigurationIsVisible = 0;
			defaultConfigurationName = Release;
		};
/* End XCConfigurationList section */

/* Begin XCVersionGroup section */
		5523E2202665525800DAC79A /* Argonauts.xcdatamodeld */ = {
			isa = XCVersionGroup;
			children = (
				5523E2212665525800DAC79A /* Argonauts.xcdatamodel */,
			);
			currentVersion = 5523E2212665525800DAC79A /* Argonauts.xcdatamodel */;
			path = Argonauts.xcdatamodeld;
			sourceTree = "<group>";
			versionGroupType = wrapper.xcdatamodel;
		};
/* End XCVersionGroup section */
	};
	rootObject = 5523E20F2665525800DAC79A /* Project object */;
}
